
Microsoft Visual Studio Solution File, Format Version 12.00
# Visual Studio Version 16
VisualStudioVersion = 16.0.29709.97
MinimumVisualStudioVersion = 10.0.40219.1
Project("{8BC9CEB8-8B4A-11D0-8D11-00A0C91BC942}") = "Project1", "Project1.vcxproj", "{FB11F571-007C-403A-A0F0-346E1272B728}"
EndProject
Global
	GlobalSection(SolutionConfigurationPlatforms) = preSolution
		Debug|x64 = Debug|x64
		Debug|x86 = Debug|x86
		Release|x64 = Release|x64
		Release|x86 = Release|x86
	EndGlobalSection
	GlobalSection(ProjectConfigurationPlatforms) = postSolution
		{FB11F571-007C-403A-A0F0-346E1272B728}.Debug|x64.ActiveCfg = Debug|x64
		{FB11F571-007C-403A-A0F0-346E1272B728}.Debug|x64.Build.0 = Debug|x64
		{FB11F571-007C-403A-A0F0-346E1272B728}.Debug|x86.ActiveCfg = Debug|Win32
		{FB11F571-007C-403A-A0F0-346E1272B728}.Debug|x86.Build.0 = Debug|Win32
		{FB11F571-007C-403A-A0F0-346E1272B728}.Release|x64.ActiveCfg = Release|x64
		{FB11F571-007C-403A-A0F0-346E1272B728}.Release|x64.Build.0 = Release|x64
		{FB11F571-007C-403A-A0F0-346E1272B728}.Release|x86.ActiveCfg = Release|Win32
		{FB11F571-007C-403A-A0F0-346E1272B728}.Release|x86.Build.0 = Release|Win32
	EndGlobalSection
	GlobalSection(SolutionProperties) = preSolution
		HideSolutionNode = FALSE
	EndGlobalSection
	GlobalSection(ExtensibilityGlobals) = postSolution
		SolutionGuid = {AFB741F2-E7ED-415D-8952-DC66E24BDAF5}
	EndGlobalSection
EndGlobal
